
Microsoft Visual Studio Solution File, Format Version 12.00
# Visual Studio 14
VisualStudioVersion = 14.0.24720.0
MinimumVisualStudioVersion = 10.0.40219.1
Project("{FAE04EC0-301F-11D3-BF4B-00C04F79EFBC}") = "Viskadream.Droid", "Viskadream\Viskadream.Droid\Viskadream.Droid.csproj", "{87FE0978-3810-4CCE-A539-2BFD55E72A54}"
EndProject
Project("{FAE04EC0-301F-11D3-BF4B-00C04F79EFBC}") = "Viskadream.iOS", "Viskadream\Viskadream.iOS\Viskadream.iOS.csproj", "{EC4F0E33-5B0D-4AA2-9B4A-0B7A79EE600F}"
EndProject
Project("{FAE04EC0-301F-11D3-BF4B-00C04F79EFBC}") = "Viskadream", "Viskadream\Viskadream\Viskadream.csproj", "{042B3A2B-7529-4F0A-87E2-71EE9DBAC465}"
EndProject
Global
	GlobalSection(SolutionConfigurationPlatforms) = preSolution
		AppStore|Any CPU = AppStore|Any CPU
		AppStore|iPhone = AppStore|iPhone
		AppStore|iPhoneSimulator = AppStore|iPhoneSimulator
		Debug|Any CPU = Debug|Any CPU
		Debug|iPhone = Debug|iPhone
		Debug|iPhoneSimulator = Debug|iPhoneSimulator
		Release|Any CPU = Release|Any CPU
		Release|iPhone = Release|iPhone
		Release|iPhoneSimulator = Release|iPhoneSimulator
	EndGlobalSection
	GlobalSection(ProjectConfigurationPlatforms) = postSolution
		{87FE0978-3810-4CCE-A539-2BFD55E72A54}.AppStore|Any CPU.ActiveCfg = Release|Any CPU
		{87FE0978-3810-4CCE-A539-2BFD55E72A54}.AppStore|Any CPU.Build.0 = Release|Any CPU
		{87FE0978-3810-4CCE-A539-2BFD55E72A54}.AppStore|Any CPU.Deploy.0 = Release|Any CPU
		{87FE0978-3810-4CCE-A539-2BFD55E72A54}.AppStore|iPhone.ActiveCfg = Release|Any CPU
		{87FE0978-3810-4CCE-A539-2BFD55E72A54}.AppStore|iPhone.Build.0 = Release|Any CPU
		{87FE0978-3810-4CCE-A539-2BFD55E72A54}.AppStore|iPhone.Deploy.0 = Release|Any CPU
		{87FE0978-3810-4CCE-A539-2BFD55E72A54}.AppStore|iPhoneSimulator.ActiveCfg = Release|Any CPU
		{87FE0978-3810-4CCE-A539-2BFD55E72A54}.AppStore|iPhoneSimulator.Build.0 = Release|Any CPU
		{87FE0978-3810-4CCE-A539-2BFD55E72A54}.AppStore|iPhoneSimulator.Deploy.0 = Release|Any CPU
		{87FE0978-3810-4CCE-A539-2BFD55E72A54}.Debug|Any CPU.ActiveCfg = Debug|Any CPU
		{87FE0978-3810-4CCE-A539-2BFD55E72A54}.Debug|Any CPU.Build.0 = Debug|Any CPU
		{87FE0978-3810-4CCE-A539-2BFD55E72A54}.Debug|Any CPU.Deploy.0 = Debug|Any CPU
		{87FE0978-3810-4CCE-A539-2BFD55E72A54}.Debug|iPhone.ActiveCfg = Debug|Any CPU
		{87FE0978-3810-4CCE-A539-2BFD55E72A54}.Debug|iPhone.Build.0 = Debug|Any CPU
		{87FE0978-3810-4CCE-A539-2BFD55E72A54}.Debug|iPhone.Deploy.0 = Debug|Any CPU
		{87FE0978-3810-4CCE-A539-2BFD55E72A54}.Debug|iPhoneSimulator.ActiveCfg = Debug|Any CPU
		{87FE0978-3810-4CCE-A539-2BFD55E72A54}.Debug|iPhoneSimulator.Build.0 = Debug|Any CPU
		{87FE0978-3810-4CCE-A539-2BFD55E72A54}.Debug|iPhoneSimulator.Deploy.0 = Debug|Any CPU
		{87FE0978-3810-4CCE-A539-2BFD55E72A54}.Release|Any CPU.ActiveCfg = Release|Any CPU
		{87FE0978-3810-4CCE-A539-2BFD55E72A54}.Release|Any CPU.Build.0 = Release|Any CPU
		{87FE0978-3810-4CCE-A539-2BFD55E72A54}.Release|Any CPU.Deploy.0 = Release|Any CPU
		{87FE0978-3810-4CCE-A539-2BFD55E72A54}.Release|iPhone.ActiveCfg = Release|Any CPU
		{87FE0978-3810-4CCE-A539-2BFD55E72A54}.Release|iPhone.Build.0 = Release|Any CPU
		{87FE0978-3810-4CCE-A539-2BFD55E72A54}.Release|iPhone.Deploy.0 = Release|Any CPU
		{87FE0978-3810-4CCE-A539-2BFD55E72A54}.Release|iPhoneSimulator.ActiveCfg = Release|Any CPU
		{87FE0978-3810-4CCE-A539-2BFD55E72A54}.Release|iPhoneSimulator.Build.0 = Release|Any CPU
		{87FE0978-3810-4CCE-A539-2BFD55E72A54}.Release|iPhoneSimulator.Deploy.0 = Release|Any CPU
		{EC4F0E33-5B0D-4AA2-9B4A-0B7A79EE600F}.AppStore|Any CPU.ActiveCfg = Release|iPhoneSimulator
		{EC4F0E33-5B0D-4AA2-9B4A-0B7A79EE600F}.AppStore|Any CPU.Build.0 = Release|iPhoneSimulator
		{EC4F0E33-5B0D-4AA2-9B4A-0B7A79EE600F}.AppStore|iPhone.ActiveCfg = Release|iPhone
		{EC4F0E33-5B0D-4AA2-9B4A-0B7A79EE600F}.AppStore|iPhone.Build.0 = Release|iPhone
		{EC4F0E33-5B0D-4AA2-9B4A-0B7A79EE600F}.AppStore|iPhoneSimulator.ActiveCfg = Release|iPhoneSimulator
		{EC4F0E33-5B0D-4AA2-9B4A-0B7A79EE600F}.AppStore|iPhoneSimulator.Build.0 = Release|iPhoneSimulator
		{EC4F0E33-5B0D-4AA2-9B4A-0B7A79EE600F}.Debug|Any CPU.ActiveCfg = Debug|iPhone
		{EC4F0E33-5B0D-4AA2-9B4A-0B7A79EE600F}.Debug|iPhone.ActiveCfg = Debug|iPhone
		{EC4F0E33-5B0D-4AA2-9B4A-0B7A79EE600F}.Debug|iPhone.Build.0 = Debug|iPhone
		{EC4F0E33-5B0D-4AA2-9B4A-0B7A79EE600F}.Debug|iPhoneSimulator.ActiveCfg = Debug|iPhoneSimulator
		{EC4F0E33-5B0D-4AA2-9B4A-0B7A79EE600F}.Debug|iPhoneSimulator.Build.0 = Debug|iPhoneSimulator
		{EC4F0E33-5B0D-4AA2-9B4A-0B7A79EE600F}.Release|Any CPU.ActiveCfg = Release|iPhone
		{EC4F0E33-5B0D-4AA2-9B4A-0B7A79EE600F}.Release|iPhone.ActiveCfg = Release|iPhone
		{EC4F0E33-5B0D-4AA2-9B4A-0B7A79EE600F}.Release|iPhone.Build.0 = Release|iPhone
		{EC4F0E33-5B0D-4AA2-9B4A-0B7A79EE600F}.Release|iPhoneSimulator.ActiveCfg = Release|iPhoneSimulator
		{EC4F0E33-5B0D-4AA2-9B4A-0B7A79EE600F}.Release|iPhoneSimulator.Build.0 = Release|iPhoneSimulator
		{042B3A2B-7529-4F0A-87E2-71EE9DBAC465}.AppStore|Any CPU.ActiveCfg = Release|Any CPU
		{042B3A2B-7529-4F0A-87E2-71EE9DBAC465}.AppStore|Any CPU.Build.0 = Release|Any CPU
		{042B3A2B-7529-4F0A-87E2-71EE9DBAC465}.AppStore|iPhone.ActiveCfg = Release|Any CPU
		{042B3A2B-7529-4F0A-87E2-71EE9DBAC465}.AppStore|iPhone.Build.0 = Release|Any CPU
		{042B3A2B-7529-4F0A-87E2-71EE9DBAC465}.AppStore|iPhoneSimulator.ActiveCfg = Release|Any CPU
		{042B3A2B-7529-4F0A-87E2-71EE9DBAC465}.AppStore|iPhoneSimulator.Build.0 = Release|Any CPU
		{042B3A2B-7529-4F0A-87E2-71EE9DBAC465}.Debug|Any CPU.ActiveCfg = Debug|Any CPU
		{042B3A2B-7529-4F0A-87E2-71EE9DBAC465}.Debug|Any CPU.Build.0 = Debug|Any CPU
		{042B3A2B-7529-4F0A-87E2-71EE9DBAC465}.Debug|iPhone.ActiveCfg = Debug|Any CPU
		{042B3A2B-7529-4F0A-87E2-71EE9DBAC465}.Debug|iPhone.Build.0 = Debug|Any CPU
		{042B3A2B-7529-4F0A-87E2-71EE9DBAC465}.Debug|iPhoneSimulator.ActiveCfg = Debug|Any CPU
		{042B3A2B-7529-4F0A-87E2-71EE9DBAC465}.Debug|iPhoneSimulator.Build.0 = Debug|Any CPU
		{042B3A2B-7529-4F0A-87E2-71EE9DBAC465}.Release|Any CPU.ActiveCfg = Release|Any CPU
		{042B3A2B-7529-4F0A-87E2-71EE9DBAC465}.Release|Any CPU.Build.0 = Release|Any CPU
		{042B3A2B-7529-4F0A-87E2-71EE9DBAC465}.Release|iPhone.ActiveCfg = Release|Any CPU
		{042B3A2B-7529-4F0A-87E2-71EE9DBAC465}.Release|iPhone.Build.0 = Release|Any CPU
		{042B3A2B-7529-4F0A-87E2-71EE9DBAC465}.Release|iPhoneSimulator.ActiveCfg = Release|Any CPU
		{042B3A2B-7529-4F0A-87E2-71EE9DBAC465}.Release|iPhoneSimulator.Build.0 = Release|Any CPU
	EndGlobalSection
	GlobalSection(SolutionProperties) = preSolution
		HideSolutionNode = FALSE
	EndGlobalSection
EndGlobal
